
Microsoft Visual Studio Solution File, Format Version 12.00
# Visual Studio Version 17
VisualStudioVersion = 17.14.36401.2
MinimumVisualStudioVersion = 10.0.40219.1
Project("{FAE04EC0-301F-11D3-BF4B-00C04F79EFBC}") = "ExportExcelApi", "ExportExcelApi\ExportExcelApi.csproj", "{DB04BDEE-64BE-4870-BA3F-A9BA1CBC694C}"
EndProject
Global
	GlobalSection(SolutionConfigurationPlatforms) = preSolution
		Debug|Any CPU = Debug|Any CPU
		Release|Any CPU = Release|Any CPU
	EndGlobalSection
	GlobalSection(ProjectConfigurationPlatforms) = postSolution
		{DB04BDEE-64BE-4870-BA3F-A9BA1CBC694C}.Debug|Any CPU.ActiveCfg = Debug|Any CPU
		{DB04BDEE-64BE-4870-BA3F-A9BA1CBC694C}.Debug|Any CPU.Build.0 = Debug|Any CPU
		{DB04BDEE-64BE-4870-BA3F-A9BA1CBC694C}.Release|Any CPU.ActiveCfg = Release|Any CPU
		{DB04BDEE-64BE-4870-BA3F-A9BA1CBC694C}.Release|Any CPU.Build.0 = Release|Any CPU
	EndGlobalSection
	GlobalSection(SolutionProperties) = preSolution
		HideSolutionNode = FALSE
	EndGlobalSection
	GlobalSection(ExtensibilityGlobals) = postSolution
		SolutionGuid = {967A5918-8AD4-4BF6-BA62-D9A899C85B70}
	EndGlobalSection
EndGlobal
